
Microsoft Visual Studio Solution File, Format Version 12.00
# Visual Studio 2013
VisualStudioVersion = 12.0.31101.0
MinimumVisualStudioVersion = 10.0.40219.1
Project("{FAE04EC0-301F-11D3-BF4B-00C04F79EFBC}") = "Saluse.ComicReader.Application", "Saluse.ComicReader.Application\Saluse.ComicReader.Application.csproj", "{8ED649EB-8476-40B0-B04A-D72F60D31D2B}"
EndProject
Project("{FAE04EC0-301F-11D3-BF4B-00C04F79EFBC}") = "Saluse.ComicReader", "Saluse.ComicReader\Saluse.ComicReader.csproj", "{BE10098F-3C81-4DA9-820C-0FFFE72DA9B3}"
EndProject
Project("{FAE04EC0-301F-11D3-BF4B-00C04F79EFBC}") = "Saluse.ComicReader.Effects", "Saluse.ComicReader.Effects\Saluse.ComicReader.Effects.csproj", "{EDB5E8A6-830C-4EA0-B309-C35019ABA183}"
EndProject
Project("{FAE04EC0-301F-11D3-BF4B-00C04F79EFBC}") = "Ghostscript.NET", "Ghostscript.NET\Ghostscript.NET\Ghostscript.NET.csproj", "{8BDBDEEC-CAB1-4C0B-86C2-7B0D0D3FE363}"
EndProject
Project("{FAE04EC0-301F-11D3-BF4B-00C04F79EFBC}") = "SharpCompress", "SharpCompress\SharpCompress\SharpCompress.csproj", "{10A689CF-76A2-4A4F-96E4-553C33398438}"
EndProject
Project("{2150E333-8FDC-42A3-9474-1A3956D46DE8}") = "Solution Items", "Solution Items", "{8B5758A1-DCF2-4100-877D-A42AD8466AB5}"
	ProjectSection(SolutionItems) = preProject
		README.md = README.md
	EndProjectSection
EndProject
Global
	GlobalSection(SolutionConfigurationPlatforms) = preSolution
		Debug|Any CPU = Debug|Any CPU
		Debug|x64 = Debug|x64
		Debug|x86 = Debug|x86
		Release|Any CPU = Release|Any CPU
		Release|x64 = Release|x64
		Release|x86 = Release|x86
	EndGlobalSection
	GlobalSection(ProjectConfigurationPlatforms) = postSolution
		{8ED649EB-8476-40B0-B04A-D72F60D31D2B}.Debug|Any CPU.ActiveCfg = Debug|Any CPU
		{8ED649EB-8476-40B0-B04A-D72F60D31D2B}.Debug|Any CPU.Build.0 = Debug|Any CPU
		{8ED649EB-8476-40B0-B04A-D72F60D31D2B}.Debug|x64.ActiveCfg = Debug|Any CPU
		{8ED649EB-8476-40B0-B04A-D72F60D31D2B}.Debug|x86.ActiveCfg = Debug|x86
		{8ED649EB-8476-40B0-B04A-D72F60D31D2B}.Debug|x86.Build.0 = Debug|x86
		{8ED649EB-8476-40B0-B04A-D72F60D31D2B}.Release|Any CPU.ActiveCfg = Release|Any CPU
		{8ED649EB-8476-40B0-B04A-D72F60D31D2B}.Release|Any CPU.Build.0 = Release|Any CPU
		{8ED649EB-8476-40B0-B04A-D72F60D31D2B}.Release|x64.ActiveCfg = Release|Any CPU
		{8ED649EB-8476-40B0-B04A-D72F60D31D2B}.Release|x86.ActiveCfg = Release|x86
		{8ED649EB-8476-40B0-B04A-D72F60D31D2B}.Release|x86.Build.0 = Release|x86
		{BE10098F-3C81-4DA9-820C-0FFFE72DA9B3}.Debug|Any CPU.ActiveCfg = Debug|Any CPU
		{BE10098F-3C81-4DA9-820C-0FFFE72DA9B3}.Debug|Any CPU.Build.0 = Debug|Any CPU
		{BE10098F-3C81-4DA9-820C-0FFFE72DA9B3}.Debug|x64.ActiveCfg = Debug|Any CPU
		{BE10098F-3C81-4DA9-820C-0FFFE72DA9B3}.Debug|x64.Build.0 = Debug|Any CPU
		{BE10098F-3C81-4DA9-820C-0FFFE72DA9B3}.Debug|x86.ActiveCfg = Debug|x86
		{BE10098F-3C81-4DA9-820C-0FFFE72DA9B3}.Debug|x86.Build.0 = Debug|x86
		{BE10098F-3C81-4DA9-820C-0FFFE72DA9B3}.Release|Any CPU.ActiveCfg = Release|Any CPU
		{BE10098F-3C81-4DA9-820C-0FFFE72DA9B3}.Release|Any CPU.Build.0 = Release|Any CPU
		{BE10098F-3C81-4DA9-820C-0FFFE72DA9B3}.Release|x64.ActiveCfg = Release|Any CPU
		{BE10098F-3C81-4DA9-820C-0FFFE72DA9B3}.Release|x86.ActiveCfg = Release|x86
		{BE10098F-3C81-4DA9-820C-0FFFE72DA9B3}.Release|x86.Build.0 = Release|x86
		{EDB5E8A6-830C-4EA0-B309-C35019ABA183}.Debug|Any CPU.ActiveCfg = Debug|Any CPU
		{EDB5E8A6-830C-4EA0-B309-C35019ABA183}.Debug|Any CPU.Build.0 = Debug|Any CPU
		{EDB5E8A6-830C-4EA0-B309-C35019ABA183}.Debug|x64.ActiveCfg = Debug|Any CPU
		{EDB5E8A6-830C-4EA0-B309-C35019ABA183}.Debug|x86.ActiveCfg = Debug|x86
		{EDB5E8A6-830C-4EA0-B309-C35019ABA183}.Debug|x86.Build.0 = Debug|x86
		{EDB5E8A6-830C-4EA0-B309-C35019ABA183}.Release|Any CPU.ActiveCfg = Release|Any CPU
		{EDB5E8A6-830C-4EA0-B309-C35019ABA183}.Release|Any CPU.Build.0 = Release|Any CPU
		{EDB5E8A6-830C-4EA0-B309-C35019ABA183}.Release|x64.ActiveCfg = Release|Any CPU
		{EDB5E8A6-830C-4EA0-B309-C35019ABA183}.Release|x86.ActiveCfg = Release|x86
		{EDB5E8A6-830C-4EA0-B309-C35019ABA183}.Release|x86.Build.0 = Release|x86
		{8BDBDEEC-CAB1-4C0B-86C2-7B0D0D3FE363}.Debug|Any CPU.ActiveCfg = Debug|Any CPU
		{8BDBDEEC-CAB1-4C0B-86C2-7B0D0D3FE363}.Debug|Any CPU.Build.0 = Debug|Any CPU
		{8BDBDEEC-CAB1-4C0B-86C2-7B0D0D3FE363}.Debug|x64.ActiveCfg = Debug|x64
		{8BDBDEEC-CAB1-4C0B-86C2-7B0D0D3FE363}.Debug|x64.Build.0 = Debug|x64
		{8BDBDEEC-CAB1-4C0B-86C2-7B0D0D3FE363}.Debug|x86.ActiveCfg = Debug|x86
		{8BDBDEEC-CAB1-4C0B-86C2-7B0D0D3FE363}.Debug|x86.Build.0 = Debug|x86
		{8BDBDEEC-CAB1-4C0B-86C2-7B0D0D3FE363}.Release|Any CPU.ActiveCfg = Release|Any CPU
		{8BDBDEEC-CAB1-4C0B-86C2-7B0D0D3FE363}.Release|Any CPU.Build.0 = Release|Any CPU
		{8BDBDEEC-CAB1-4C0B-86C2-7B0D0D3FE363}.Release|x64.ActiveCfg = Release|x64
		{8BDBDEEC-CAB1-4C0B-86C2-7B0D0D3FE363}.Release|x64.Build.0 = Release|x64
		{8BDBDEEC-CAB1-4C0B-86C2-7B0D0D3FE363}.Release|x86.ActiveCfg = Release|x86
		{8BDBDEEC-CAB1-4C0B-86C2-7B0D0D3FE363}.Release|x86.Build.0 = Release|x86
		{10A689CF-76A2-4A4F-96E4-553C33398438}.Debug|Any CPU.ActiveCfg = Debug|Any CPU
		{10A689CF-76A2-4A4F-96E4-553C33398438}.Debug|Any CPU.Build.0 = Debug|Any CPU
		{10A689CF-76A2-4A4F-96E4-553C33398438}.Debug|x64.ActiveCfg = Debug|Any CPU
		{10A689CF-76A2-4A4F-96E4-553C33398438}.Debug|x86.ActiveCfg = Debug|x86
		{10A689CF-76A2-4A4F-96E4-553C33398438}.Debug|x86.Build.0 = Debug|x86
		{10A689CF-76A2-4A4F-96E4-553C33398438}.Release|Any CPU.ActiveCfg = Release|Any CPU
		{10A689CF-76A2-4A4F-96E4-553C33398438}.Release|Any CPU.Build.0 = Release|Any CPU
		{10A689CF-76A2-4A4F-96E4-553C33398438}.Release|x64.ActiveCfg = Release|Any CPU
		{10A689CF-76A2-4A4F-96E4-553C33398438}.Release|x86.ActiveCfg = Release|x86
		{10A689CF-76A2-4A4F-96E4-553C33398438}.Release|x86.Build.0 = Release|x86
	EndGlobalSection
	GlobalSection(SolutionProperties) = preSolution
		HideSolutionNode = FALSE
	EndGlobalSection
EndGlobal
